
Microsoft Visual Studio Solution File, Format Version 12.00
# Visual Studio Version 17
VisualStudioVersion = 17.4.33213.308
MinimumVisualStudioVersion = 10.0.40219.1
Project("{FAE04EC0-301F-11D3-BF4B-00C04F79EFBC}") = "Text Editor", "Text Editor.csproj", "{D3D58824-4C37-4C97-A1B9-05EFA57A2AD3}"
EndProject
Global
	GlobalSection(SolutionConfigurationPlatforms) = preSolution
		Debug|Any CPU = Debug|Any CPU
		Release|Any CPU = Release|Any CPU
	EndGlobalSection
	GlobalSection(ProjectConfigurationPlatforms) = postSolution
		{D3D58824-4C37-4C97-A1B9-05EFA57A2AD3}.Debug|Any CPU.ActiveCfg = Debug|Any CPU
		{D3D58824-4C37-4C97-A1B9-05EFA57A2AD3}.Debug|Any CPU.Build.0 = Debug|Any CPU
		{D3D58824-4C37-4C97-A1B9-05EFA57A2AD3}.Release|Any CPU.ActiveCfg = Release|Any CPU
		{D3D58824-4C37-4C97-A1B9-05EFA57A2AD3}.Release|Any CPU.Build.0 = Release|Any CPU
	EndGlobalSection
	GlobalSection(SolutionProperties) = preSolution
		HideSolutionNode = FALSE
	EndGlobalSection
	GlobalSection(ExtensibilityGlobals) = postSolution
		SolutionGuid = {FC65E017-9FF5-4F32-9C21-5448A1C858DE}
	EndGlobalSection
EndGlobal
